
Microsoft Visual Studio Solution File, Format Version 12.00
# Visual Studio Version 17
VisualStudioVersion = 17.14.36414.22 d17.14
MinimumVisualStudioVersion = 10.0.40219.1
Project("{FAE04EC0-301F-11D3-BF4B-00C04F79EFBC}") = "BibliotecaMetrópolis", "BibliotecaMetrópolis\BibliotecaMetrópolis.csproj", "{07514B7E-1C2A-4C6B-8A33-4172FFDF73E1}"
EndProject
Global
	GlobalSection(SolutionConfigurationPlatforms) = preSolution
		Debug|Any CPU = Debug|Any CPU
		Release|Any CPU = Release|Any CPU
	EndGlobalSection
	GlobalSection(ProjectConfigurationPlatforms) = postSolution
		{07514B7E-1C2A-4C6B-8A33-4172FFDF73E1}.Debug|Any CPU.ActiveCfg = Debug|Any CPU
		{07514B7E-1C2A-4C6B-8A33-4172FFDF73E1}.Debug|Any CPU.Build.0 = Debug|Any CPU
		{07514B7E-1C2A-4C6B-8A33-4172FFDF73E1}.Release|Any CPU.ActiveCfg = Release|Any CPU
		{07514B7E-1C2A-4C6B-8A33-4172FFDF73E1}.Release|Any CPU.Build.0 = Release|Any CPU
	EndGlobalSection
	GlobalSection(SolutionProperties) = preSolution
		HideSolutionNode = FALSE
	EndGlobalSection
	GlobalSection(ExtensibilityGlobals) = postSolution
		SolutionGuid = {0A45E684-DF9B-437E-BA64-CA68617E5F00}
	EndGlobalSection
EndGlobal
